
Microsoft Visual Studio Solution File, Format Version 12.00
# Visual Studio Version 16
VisualStudioVersion = 16.0.30002.166
MinimumVisualStudioVersion = 10.0.40219.1
Project("{8BC9CEB8-8B4A-11D0-8D11-00A0C91BC942}") = "Chap02App", "Chap02App\Chap02App.vcxproj", "{422A55C0-DEC2-4E53-8559-2BE326090A0F}"
EndProject
Project("{8BC9CEB8-8B4A-11D0-8D11-00A0C91BC942}") = "Chap03App", "Chap03App\Chap03App.vcxproj", "{01B7A9BC-70F8-4799-9F35-1AFF36060F76}"
EndProject
Project("{8BC9CEB8-8B4A-11D0-8D11-00A0C91BC942}") = "Chap04App", "Chap04App\Chap04App.vcxproj", "{2404C09C-4AB6-4B97-8497-66875A77CA24}"
EndProject
Project("{8BC9CEB8-8B4A-11D0-8D11-00A0C91BC942}") = "Chap05App", "Chap05App\Chap05App.vcxproj", "{E37CBE83-ECBF-45B4-96D3-09F00AFFB512}"
EndProject
Global
	GlobalSection(SolutionConfigurationPlatforms) = preSolution
		Debug|x64 = Debug|x64
		Debug|x86 = Debug|x86
		Release|x64 = Release|x64
		Release|x86 = Release|x86
	EndGlobalSection
	GlobalSection(ProjectConfigurationPlatforms) = postSolution
		{422A55C0-DEC2-4E53-8559-2BE326090A0F}.Debug|x64.ActiveCfg = Debug|x64
		{422A55C0-DEC2-4E53-8559-2BE326090A0F}.Debug|x64.Build.0 = Debug|x64
		{422A55C0-DEC2-4E53-8559-2BE326090A0F}.Debug|x86.ActiveCfg = Debug|Win32
		{422A55C0-DEC2-4E53-8559-2BE326090A0F}.Debug|x86.Build.0 = Debug|Win32
		{422A55C0-DEC2-4E53-8559-2BE326090A0F}.Release|x64.ActiveCfg = Release|x64
		{422A55C0-DEC2-4E53-8559-2BE326090A0F}.Release|x64.Build.0 = Release|x64
		{422A55C0-DEC2-4E53-8559-2BE326090A0F}.Release|x86.ActiveCfg = Release|Win32
		{422A55C0-DEC2-4E53-8559-2BE326090A0F}.Release|x86.Build.0 = Release|Win32
		{01B7A9BC-70F8-4799-9F35-1AFF36060F76}.Debug|x64.ActiveCfg = Debug|x64
		{01B7A9BC-70F8-4799-9F35-1AFF36060F76}.Debug|x64.Build.0 = Debug|x64
		{01B7A9BC-70F8-4799-9F35-1AFF36060F76}.Debug|x86.ActiveCfg = Debug|Win32
		{01B7A9BC-70F8-4799-9F35-1AFF36060F76}.Debug|x86.Build.0 = Debug|Win32
		{01B7A9BC-70F8-4799-9F35-1AFF36060F76}.Release|x64.ActiveCfg = Release|x64
		{01B7A9BC-70F8-4799-9F35-1AFF36060F76}.Release|x64.Build.0 = Release|x64
		{01B7A9BC-70F8-4799-9F35-1AFF36060F76}.Release|x86.ActiveCfg = Release|Win32
		{01B7A9BC-70F8-4799-9F35-1AFF36060F76}.Release|x86.Build.0 = Release|Win32
		{2404C09C-4AB6-4B97-8497-66875A77CA24}.Debug|x64.ActiveCfg = Debug|x64
		{2404C09C-4AB6-4B97-8497-66875A77CA24}.Debug|x64.Build.0 = Debug|x64
		{2404C09C-4AB6-4B97-8497-66875A77CA24}.Debug|x86.ActiveCfg = Debug|Win32
		{2404C09C-4AB6-4B97-8497-66875A77CA24}.Debug|x86.Build.0 = Debug|Win32
		{2404C09C-4AB6-4B97-8497-66875A77CA24}.Release|x64.ActiveCfg = Release|x64
		{2404C09C-4AB6-4B97-8497-66875A77CA24}.Release|x64.Build.0 = Release|x64
		{2404C09C-4AB6-4B97-8497-66875A77CA24}.Release|x86.ActiveCfg = Release|Win32
		{2404C09C-4AB6-4B97-8497-66875A77CA24}.Release|x86.Build.0 = Release|Win32
		{E37CBE83-ECBF-45B4-96D3-09F00AFFB512}.Debug|x64.ActiveCfg = Debug|x64
		{E37CBE83-ECBF-45B4-96D3-09F00AFFB512}.Debug|x64.Build.0 = Debug|x64
		{E37CBE83-ECBF-45B4-96D3-09F00AFFB512}.Debug|x86.ActiveCfg = Debug|Win32
		{E37CBE83-ECBF-45B4-96D3-09F00AFFB512}.Debug|x86.Build.0 = Debug|Win32
		{E37CBE83-ECBF-45B4-96D3-09F00AFFB512}.Release|x64.ActiveCfg = Release|x64
		{E37CBE83-ECBF-45B4-96D3-09F00AFFB512}.Release|x64.Build.0 = Release|x64
		{E37CBE83-ECBF-45B4-96D3-09F00AFFB512}.Release|x86.ActiveCfg = Release|Win32
		{E37CBE83-ECBF-45B4-96D3-09F00AFFB512}.Release|x86.Build.0 = Release|Win32
	EndGlobalSection
	GlobalSection(SolutionProperties) = preSolution
		HideSolutionNode = FALSE
	EndGlobalSection
	GlobalSection(ExtensibilityGlobals) = postSolution
		SolutionGuid = {C9F56ECA-82A6-4C5D-82C1-6AC2CDF3873C}
	EndGlobalSection
EndGlobal
